// !$*UTF8*$!
{
	archiveVersion = 1;
	classes = {
	};
	objectVersion = 46;
	objects = {

/* Begin PBXBuildFile section */
		D423FAA31A50D2E000AA51FB /* AverageBufferTests.swift in Sources */ = {isa = PBXBuildFile; fileRef = D423FAA21A50D2E000AA51FB /* AverageBufferTests.swift */; };
		D43C100019F4BDF900C3CAC4 /* Images.xcassets in Resources */ = {isa = PBXBuildFile; fileRef = D43C0FFF19F4BDF900C3CAC4 /* Images.xcassets */; };
		D48A33081A50C5C1008BC7AA /* AverageBuffer.swift in Sources */ = {isa = PBXBuildFile; fileRef = D425EACB1A4E01EA004B6B1F /* AverageBuffer.swift */; };
		D48A330B1A50CBA7008BC7AA /* Log.swift in Sources */ = {isa = PBXBuildFile; fileRef = D48A330A1A50CBA7008BC7AA /* Log.swift */; };
		D48A330C1A50D005008BC7AA /* LaunchScreen.xib in Resources */ = {isa = PBXBuildFile; fileRef = D4A36A8819DBB38D00648691 /* LaunchScreen.xib */; };
		D48A330D1A50D00A008BC7AA /* Main.storyboard in Resources */ = {isa = PBXBuildFile; fileRef = D4A36A8319DBB38D00648691 /* Main.storyboard */; };
		D4A36A8019DBB38D00648691 /* AppDelegate.swift in Sources */ = {isa = PBXBuildFile; fileRef = D4A36A7F19DBB38D00648691 /* AppDelegate.swift */; };
		D4CFADBB1A4C9C4000EFC518 /* ViewController.swift in Sources */ = {isa = PBXBuildFile; fileRef = D4A36A8119DBB38D00648691 /* ViewController.swift */; };
/* End PBXBuildFile section */

/* Begin PBXContainerItemProxy section */
		D423FAA41A50D2E000AA51FB /* PBXContainerItemProxy */ = {
			isa = PBXContainerItemProxy;
			containerPortal = D4A36A7219DBB38D00648691 /* Project object */;
			proxyType = 1;
			remoteGlobalIDString = D4A36A7919DBB38D00648691;
			remoteInfo = rssiprobe;
		};
/* End PBXContainerItemProxy section */

/* Begin PBXFileReference section */
		D423FA9E1A50D2E000AA51FB /* rssiprobe Tests.xctest */ = {isa = PBXFileReference; explicitFileType = wrapper.cfbundle; includeInIndex = 0; path = "rssiprobe Tests.xctest"; sourceTree = BUILT_PRODUCTS_DIR; };
		D423FAA11A50D2E000AA51FB /* Info.plist */ = {isa = PBXFileReference; lastKnownFileType = text.plist.xml; path = Info.plist; sourceTree = "<group>"; };
		D423FAA21A50D2E000AA51FB /* AverageBufferTests.swift */ = {isa = PBXFileReference; lastKnownFileType = sourcecode.swift; path = AverageBufferTests.swift; sourceTree = "<group>"; };
		D425EACB1A4E01EA004B6B1F /* AverageBuffer.swift */ = {isa = PBXFileReference; fileEncoding = 4; lastKnownFileType = sourcecode.swift; path = AverageBuffer.swift; sourceTree = "<group>"; };
		D43C0FFF19F4BDF900C3CAC4 /* Images.xcassets */ = {isa = PBXFileReference; lastKnownFileType = folder.assetcatalog; name = Images.xcassets; path = "rssi-probe/Images.xcassets"; sourceTree = "<group>"; };
		D48A330A1A50CBA7008BC7AA /* Log.swift */ = {isa = PBXFileReference; fileEncoding = 4; lastKnownFileType = sourcecode.swift; path = Log.swift; sourceTree = "<group>"; };
		D4A36A7A19DBB38D00648691 /* rssiprobe.app */ = {isa = PBXFileReference; explicitFileType = wrapper.application; includeInIndex = 0; path = rssiprobe.app; sourceTree = BUILT_PRODUCTS_DIR; };
		D4A36A7E19DBB38D00648691 /* Info.plist */ = {isa = PBXFileReference; lastKnownFileType = text.plist.xml; path = Info.plist; sourceTree = "<group>"; };
		D4A36A7F19DBB38D00648691 /* AppDelegate.swift */ = {isa = PBXFileReference; lastKnownFileType = sourcecode.swift; name = AppDelegate.swift; path = ../classes/AppDelegate.swift; sourceTree = "<group>"; };
		D4A36A8119DBB38D00648691 /* ViewController.swift */ = {isa = PBXFileReference; lastKnownFileType = sourcecode.swift; name = ViewController.swift; path = ../classes/ViewController.swift; sourceTree = "<group>"; };
		D4A36A8419DBB38D00648691 /* Base */ = {isa = PBXFileReference; lastKnownFileType = file.storyboard; name = Base; path = Base.lproj/Main.storyboard; sourceTree = "<group>"; };
		D4A36A8919DBB38D00648691 /* Base */ = {isa = PBXFileReference; lastKnownFileType = file.xib; name = Base; path = Base.lproj/LaunchScreen.xib; sourceTree = "<group>"; };
/* End PBXFileReference section */

/* Begin PBXFrameworksBuildPhase section */
		D423FA9B1A50D2E000AA51FB /* Frameworks */ = {
			isa = PBXFrameworksBuildPhase;
			buildActionMask = 2147483647;
			files = (
			);
			runOnlyForDeploymentPostprocessing = 0;
		};
		D4A36A7719DBB38D00648691 /* Frameworks */ = {
			isa = PBXFrameworksBuildPhase;
			buildActionMask = 2147483647;
			files = (
			);
			runOnlyForDeploymentPostprocessing = 0;
		};
/* End PBXFrameworksBuildPhase section */

/* Begin PBXGroup section */
		D423FA9F1A50D2E000AA51FB /* rssiprobe Tests */ = {
			isa = PBXGroup;
			children = (
				D423FAA21A50D2E000AA51FB /* AverageBufferTests.swift */,
				D423FAA01A50D2E000AA51FB /* Supporting Files */,
			);
			path = "rssiprobe Tests";
			sourceTree = "<group>";
		};
		D423FAA01A50D2E000AA51FB /* Supporting Files */ = {
			isa = PBXGroup;
			children = (
				D423FAA11A50D2E000AA51FB /* Info.plist */,
			);
			name = "Supporting Files";
			sourceTree = "<group>";
		};
		D4A36A7119DBB38D00648691 = {
			isa = PBXGroup;
			children = (
				D43C0FFF19F4BDF900C3CAC4 /* Images.xcassets */,
				D4A36A7C19DBB38D00648691 /* classes */,
				D423FA9F1A50D2E000AA51FB /* rssiprobe Tests */,
				D4A36A7B19DBB38D00648691 /* Products */,
			);
			sourceTree = "<group>";
		};
		D4A36A7B19DBB38D00648691 /* Products */ = {
			isa = PBXGroup;
			children = (
				D4A36A7A19DBB38D00648691 /* rssiprobe.app */,
				D423FA9E1A50D2E000AA51FB /* rssiprobe Tests.xctest */,
			);
			name = Products;
			sourceTree = "<group>";
		};
		D4A36A7C19DBB38D00648691 /* classes */ = {
			isa = PBXGroup;
			children = (
				D48A330A1A50CBA7008BC7AA /* Log.swift */,
				D425EACB1A4E01EA004B6B1F /* AverageBuffer.swift */,
				D4A36A7F19DBB38D00648691 /* AppDelegate.swift */,
				D4A36A8119DBB38D00648691 /* ViewController.swift */,
				D4A36A8319DBB38D00648691 /* Main.storyboard */,
				D4A36A8819DBB38D00648691 /* LaunchScreen.xib */,
				D4A36A7D19DBB38D00648691 /* Supporting Files */,
			);
			path = classes;
			sourceTree = "<group>";
		};
		D4A36A7D19DBB38D00648691 /* Supporting Files */ = {
			isa = PBXGroup;
			children = (
				D4A36A7E19DBB38D00648691 /* Info.plist */,
			);
			name = "Supporting Files";
			sourceTree = "<group>";
		};
/* End PBXGroup section */

/* Begin PBXNativeTarget section */
		D423FA9D1A50D2E000AA51FB /* rssiprobe Tests */ = {
			isa = PBXNativeTarget;
			buildConfigurationList = D423FAA81A50D2E000AA51FB /* Build configuration list for PBXNativeTarget "rssiprobe Tests" */;
			buildPhases = (
				D423FA9A1A50D2E000AA51FB /* Sources */,
				D423FA9B1A50D2E000AA51FB /* Frameworks */,
				D423FA9C1A50D2E000AA51FB /* Resources */,
			);
			buildRules = (
			);
			dependencies = (
				D423FAA51A50D2E000AA51FB /* PBXTargetDependency */,
			);
			name = "rssiprobe Tests";
			productName = "rssiprobe Tests";
			productReference = D423FA9E1A50D2E000AA51FB /* rssiprobe Tests.xctest */;
			productType = "com.apple.product-type.bundle.unit-test";
		};
		D4A36A7919DBB38D00648691 /* rssiprobe */ = {
			isa = PBXNativeTarget;
			buildConfigurationList = D4A36A9919DBB38D00648691 /* Build configuration list for PBXNativeTarget "rssiprobe" */;
			buildPhases = (
				D4A36A7619DBB38D00648691 /* Sources */,
				D4A36A7719DBB38D00648691 /* Frameworks */,
				D4A36A7819DBB38D00648691 /* Resources */,
			);
			buildRules = (
			);
			dependencies = (
			);
			name = rssiprobe;
			productName = mapper;
			productReference = D4A36A7A19DBB38D00648691 /* rssiprobe.app */;
			productType = "com.apple.product-type.application";
		};
/* End PBXNativeTarget section */

/* Begin PBXProject section */
		D4A36A7219DBB38D00648691 /* Project object */ = {
			isa = PBXProject;
			attributes = {
				LastUpgradeCheck = 0600;
				ORGANIZATIONNAME = "Nick Walker";
				TargetAttributes = {
					D423FA9D1A50D2E000AA51FB = {
						CreatedOnToolsVersion = 6.1.1;
						TestTargetID = D4A36A7919DBB38D00648691;
					};
					D4A36A7919DBB38D00648691 = {
						CreatedOnToolsVersion = 6.0;
					};
				};
			};
			buildConfigurationList = D4A36A7519DBB38D00648691 /* Build configuration list for PBXProject "rssiprobe" */;
			compatibilityVersion = "Xcode 3.2";
			developmentRegion = English;
			hasScannedForEncodings = 0;
			knownRegions = (
				en,
				Base,
			);
			mainGroup = D4A36A7119DBB38D00648691;
			productRefGroup = D4A36A7B19DBB38D00648691 /* Products */;
			projectDirPath = "";
			projectRoot = "";
			targets = (
				D4A36A7919DBB38D00648691 /* rssiprobe */,
				D423FA9D1A50D2E000AA51FB /* rssiprobe Tests */,
			);
		};
/* End PBXProject section */

/* Begin PBXResourcesBuildPhase section */
		D423FA9C1A50D2E000AA51FB /* Resources */ = {
			isa = PBXResourcesBuildPhase;
			buildActionMask = 2147483647;
			files = (
			);
			runOnlyForDeploymentPostprocessing = 0;
		};
		D4A36A7819DBB38D00648691 /* Resources */ = {
			isa = PBXResourcesBuildPhase;
			buildActionMask = 2147483647;
			files = (
				D48A330D1A50D00A008BC7AA /* Main.storyboard in Resources */,
				D48A330C1A50D005008BC7AA /* LaunchScreen.xib in Resources */,
				D43C100019F4BDF900C3CAC4 /* Images.xcassets in Resources */,
			);
			runOnlyForDeploymentPostprocessing = 0;
		};
/* End PBXResourcesBuildPhase section */

/* Begin PBXSourcesBuildPhase section */
		D423FA9A1A50D2E000AA51FB /* Sources */ = {
			isa = PBXSourcesBuildPhase;
			buildActionMask = 2147483647;
			files = (
				D423FAA31A50D2E000AA51FB /* AverageBufferTests.swift in Sources */,
			);
			runOnlyForDeploymentPostprocessing = 0;
		};
		D4A36A7619DBB38D00648691 /* Sources */ = {
			isa = PBXSourcesBuildPhase;
			buildActionMask = 2147483647;
			files = (
				D4CFADBB1A4C9C4000EFC518 /* ViewController.swift in Sources */,
				D4A36A8019DBB38D00648691 /* AppDelegate.swift in Sources */,
				D48A330B1A50CBA7008BC7AA /* Log.swift in Sources */,
				D48A33081A50C5C1008BC7AA /* AverageBuffer.swift in Sources */,
			);
			runOnlyForDeploymentPostprocessing = 0;
		};
/* End PBXSourcesBuildPhase section */

/* Begin PBXTargetDependency section */
		D423FAA51A50D2E000AA51FB /* PBXTargetDependency */ = {
			isa = PBXTargetDependency;
			target = D4A36A7919DBB38D00648691 /* rssiprobe */;
			targetProxy = D423FAA41A50D2E000AA51FB /* PBXContainerItemProxy */;
		};
/* End PBXTargetDependency section */

/* Begin PBXVariantGroup section */
		D4A36A8319DBB38D00648691 /* Main.storyboard */ = {
			isa = PBXVariantGroup;
			children = (
				D4A36A8419DBB38D00648691 /* Base */,
			);
			name = Main.storyboard;
			path = ../classes;
			sourceTree = "<group>";
		};
		D4A36A8819DBB38D00648691 /* LaunchScreen.xib */ = {
			isa = PBXVariantGroup;
			children = (
				D4A36A8919DBB38D00648691 /* Base */,
			);
			name = LaunchScreen.xib;
			path = ../classes;
			sourceTree = "<group>";
		};
/* End PBXVariantGroup section */

/* Begin XCBuildConfiguration section */
		D423FAA61A50D2E000AA51FB /* Debug */ = {
			isa = XCBuildConfiguration;
			buildSettings = {
				BUNDLE_LOADER = "$(TEST_HOST)";
				FRAMEWORK_SEARCH_PATHS = (
					"$(SDKROOT)/Developer/Library/Frameworks",
					"$(inherited)",
				);
				GCC_PREPROCESSOR_DEFINITIONS = (
					"DEBUG=1",
					"$(inherited)",
				);
				INFOPLIST_FILE = "rssiprobe Tests/Info.plist";
				LD_RUNPATH_SEARCH_PATHS = "$(inherited) @executable_path/Frameworks @loader_path/Frameworks";
				PRODUCT_NAME = "$(TARGET_NAME)";
				TEST_HOST = "$(BUILT_PRODUCTS_DIR)/rssiprobe.app/rssiprobe";
			};
			name = Debug;
		};
		D423FAA71A50D2E000AA51FB /* Release */ = {
			isa = XCBuildConfiguration;
			buildSettings = {
				BUNDLE_LOADER = "$(TEST_HOST)";
				FRAMEWORK_SEARCH_PATHS = (
					"$(SDKROOT)/Developer/Library/Frameworks",
					"$(inherited)",
				);
				INFOPLIST_FILE = "rssiprobe Tests/Info.plist";
				LD_RUNPATH_SEARCH_PATHS = "$(inherited) @executable_path/Frameworks @loader_path/Frameworks";
				PRODUCT_NAME = "$(TARGET_NAME)";
				TEST_HOST = "$(BUILT_PRODUCTS_DIR)/rssiprobe.app/rssiprobe";
			};
			name = Release;
		};
		D4A36A9719DBB38D00648691 /* Debug */ = {
			isa = XCBuildConfiguration;
			buildSettings = {
				ALWAYS_SEARCH_USER_PATHS = NO;
				CLANG_CXX_LANGUAGE_STANDARD = "gnu++0x";
				CLANG_CXX_LIBRARY = "libc++";
				CLANG_ENABLE_MODULES = YES;
				CLANG_ENABLE_OBJC_ARC = YES;
				CLANG_WARN_BOOL_CONVERSION = YES;
				CLANG_WARN_CONSTANT_CONVERSION = YES;
				CLANG_WARN_DIRECT_OBJC_ISA_USAGE = YES_ERROR;
				CLANG_WARN_EMPTY_BODY = YES;
				CLANG_WARN_ENUM_CONVERSION = YES;
				CLANG_WARN_INT_CONVERSION = YES;
				CLANG_WARN_OBJC_ROOT_CLASS = YES_ERROR;
				CLANG_WARN_UNREACHABLE_CODE = YES;
				CLANG_WARN__DUPLICATE_METHOD_MATCH = YES;
				"CODE_SIGN_IDENTITY[sdk=iphoneos*]" = "iPhone Developer";
				COPY_PHASE_STRIP = NO;
				ENABLE_STRICT_OBJC_MSGSEND = YES;
				GCC_C_LANGUAGE_STANDARD = gnu99;
				GCC_DYNAMIC_NO_PIC = NO;
				GCC_OPTIMIZATION_LEVEL = 0;
				GCC_PREPROCESSOR_DEFINITIONS = (
					"DEBUG=1",
					"$(inherited)",
				);
				GCC_SYMBOLS_PRIVATE_EXTERN = NO;
				GCC_WARN_64_TO_32_BIT_CONVERSION = YES;
				GCC_WARN_ABOUT_RETURN_TYPE = YES_ERROR;
				GCC_WARN_UNDECLARED_SELECTOR = YES;
				GCC_WARN_UNINITIALIZED_AUTOS = YES_AGGRESSIVE;
				GCC_WARN_UNUSED_FUNCTION = YES;
				GCC_WARN_UNUSED_VARIABLE = YES;
				IPHONEOS_DEPLOYMENT_TARGET = 8.1;
				MTL_ENABLE_DEBUG_INFO = YES;
				ONLY_ACTIVE_ARCH = YES;
				SDKROOT = iphoneos;
				SWIFT_OPTIMIZATION_LEVEL = "-Onone";
			};
			name = Debug;
		};
		D4A36A9819DBB38D00648691 /* Release */ = {
			isa = XCBuildConfiguration;
			buildSettings = {
				ALWAYS_SEARCH_USER_PATHS = NO;
				CLANG_CXX_LANGUAGE_STANDARD = "gnu++0x";
				CLANG_CXX_LIBRARY = "libc++";
				CLANG_ENABLE_MODULES = YES;
				CLANG_ENABLE_OBJC_ARC = YES;
				CLANG_WARN_BOOL_CONVERSION = YES;
				CLANG_WARN_CONSTANT_CONVERSION = YES;
				CLANG_WARN_DIRECT_OBJC_ISA_USAGE = YES_ERROR;
				CLANG_WARN_EMPTY_BODY = YES;
				CLANG_WARN_ENUM_CONVERSION = YES;
				CLANG_WARN_INT_CONVERSION = YES;
				CLANG_WARN_OBJC_ROOT_CLASS = YES_ERROR;
				CLANG_WARN_UNREACHABLE_CODE = YES;
				CLANG_WARN__DUPLICATE_METHOD_MATCH = YES;
				"CODE_SIGN_IDENTITY[sdk=iphoneos*]" = "iPhone Developer";
				COPY_PHASE_STRIP = YES;
				ENABLE_NS_ASSERTIONS = NO;
				ENABLE_STRICT_OBJC_MSGSEND = YES;
				GCC_C_LANGUAGE_STANDARD = gnu99;
				GCC_WARN_64_TO_32_BIT_CONVERSION = YES;
				GCC_WARN_ABOUT_RETURN_TYPE = YES_ERROR;
				GCC_WARN_UNDECLARED_SELECTOR = YES;
				GCC_WARN_UNINITIALIZED_AUTOS = YES_AGGRESSIVE;
				GCC_WARN_UNUSED_FUNCTION = YES;
				GCC_WARN_UNUSED_VARIABLE = YES;
				IPHONEOS_DEPLOYMENT_TARGET = 8.1;
				MTL_ENABLE_DEBUG_INFO = NO;
				SDKROOT = iphoneos;
				VALIDATE_PRODUCT = YES;
			};
			name = Release;
		};
		D4A36A9A19DBB38D00648691 /* Debug */ = {
			isa = XCBuildConfiguration;
			buildSettings = {
				ASSETCATALOG_COMPILER_APPICON_NAME = AppIcon;
				INFOPLIST_FILE = "$(SRCROOT)/classes/Info.plist";
				IPHONEOS_DEPLOYMENT_TARGET = 8.1;
				LD_RUNPATH_SEARCH_PATHS = "$(inherited) @executable_path/Frameworks";
				PRODUCT_NAME = rssiprobe;
			};
			name = Debug;
		};
		D4A36A9B19DBB38D00648691 /* Release */ = {
			isa = XCBuildConfiguration;
			buildSettings = {
				ASSETCATALOG_COMPILER_APPICON_NAME = AppIcon;
				INFOPLIST_FILE = "$(SRCROOT)/classes/Info.plist";
				IPHONEOS_DEPLOYMENT_TARGET = 8.1;
				LD_RUNPATH_SEARCH_PATHS = "$(inherited) @executable_path/Frameworks";
				PRODUCT_NAME = rssiprobe;
			};
			name = Release;
		};
/* End XCBuildConfiguration section */

/* Begin XCConfigurationList section */
		D423FAA81A50D2E000AA51FB /* Build configuration list for PBXNativeTarget "rssiprobe Tests" */ = {
			isa = XCConfigurationList;
			buildConfigurations = (
				D423FAA61A50D2E000AA51FB /* Debug */,
				D423FAA71A50D2E000AA51FB /* Release */,
			);
			defaultConfigurationIsVisible = 0;
		};
		D4A36A7519DBB38D00648691 /* Build configuration list for PBXProject "rssiprobe" */ = {
			isa = XCConfigurationList;
			buildConfigurations = (
				D4A36A9719DBB38D00648691 /* Debug */,
				D4A36A9819DBB38D00648691 /* Release */,
			);
			defaultConfigurationIsVisible = 0;
			defaultConfigurationName = Release;
		};
		D4A36A9919DBB38D00648691 /* Build configuration list for PBXNativeTarget "rssiprobe" */ = {
			isa = XCConfigurationList;
			buildConfigurations = (
				D4A36A9A19DBB38D00648691 /* Debug */,
				D4A36A9B19DBB38D00648691 /* Release */,
			);
			defaultConfigurationIsVisible = 0;
			defaultConfigurationName = Release;
		};
/* End XCConfigurationList section */
	};
	rootObject = D4A36A7219DBB38D00648691 /* Project object */;
}
